{
  "name": "wavelink",
  "version": "2.3.0",
  "lockfileVersion": 3,
  "requires": true,
  "packages": {
    "": {
      "name": "wavelink",
      "version": "2.3.0",
      "license": "ISC",
      "dependencies": {
        "@darrellvs/node-wave-link-sdk": "^1.0.14"
      }
    },
    "node_modules/@darrellvs/node-wave-link-sdk": {
      "version": "1.0.14",
      "resolved": "https://registry.npmjs.org/@darrellvs/node-wave-link-sdk/-/node-wave-link-sdk-1.0.14.tgz",
      "integrity": "sha512-ctzuwuxOtQYgFnubUkBGBdLkeUJItj8PqNfbJlCf0sUOFPKcAg9dcWI8QcrNoIzH9GoIVDU6sWkLEHNp+gTtKw==",
      "dependencies": {
        "events": "^3.3.0",
        "simple-jsonrpc-js": "^1.2.0",
        "ws": "^8.13.0"
      }
    },
    "node_modules/events": {
      "version": "3.3.0",
      "resolved": "https://registry.npmjs.org/events/-/events-3.3.0.tgz",
      "integrity": "sha512-mQw+2fkQbALzQ7V0MY0IqdnXNOeTtP4r0lN9z7AAawCXgqea7bDii20AYrIBrFd/Hx0M2Ocz6S111CaFkUcb0Q==",
      "engines": {
        "node": ">=0.8.x"
      }
    },
    "node_modules/simple-jsonrpc-js": {
      "version": "1.2.0",
      "resolved": "https://registry.npmjs.org/simple-jsonrpc-js/-/simple-jsonrpc-js-1.2.0.tgz",
      "integrity": "sha512-owkAmh7fjSYBUZVestTPCZMKYQvNiDejqZ/iGfVaKs1nrC1ZBDA3qGraf94+JNFJmu536Tb8oPe8PSPuq7GO6Q=="
    },
    "node_modules/ws": {
      "version": "8.18.0",
      "resolved": "https://registry.npmjs.org/ws/-/ws-8.18.0.tgz",
      "integrity": "sha512-8VbfWfHLbbwu3+N6OKsOMpBdT4kXPDDB9cJk2bJ6mh9ucxdlnNvH1e+roYkKmN9Nxw2yjz7VzeO9oOz2zJ04Pw==",
      "engines": {
        "node": ">=10.0.0"
      },
      "peerDependencies": {
        "bufferutil": "^4.0.1",
        "utf-8-validate": ">=5.0.2"
      },
      "peerDependenciesMeta": {
        "bufferutil": {
          "optional": true
        },
        "utf-8-validate": {
          "optional": true
        }
      }
    }
  }
}
